# This file is generated by running "yarn install" inside your project.
# Manual changes might be lost - proceed with caution!

__metadata:
  version: 4
  cacheKey: 7

"@rails/actioncable@npm:^6.0.0":
  version: 6.1.3
  resolution: "@rails/actioncable@npm:6.1.3"
  checksum: 519463b2bcc8862ae74723397d7b6e43b95e53edf57614fc18d2d579f48b425d0545e243f770cb92533f9d9ca476fa4b45043ead0e611fa680769720c026edbc
  languageName: node
  linkType: hard

"@rails/activestorage@npm:^6.0.0":
  version: 6.1.3
  resolution: "@rails/activestorage@npm:6.1.3"
  dependencies:
    spark-md5: ^3.0.0
  checksum: 2e578cc6f232159b1cb8d8012666eb4795a51486eea8ea876f2a5e483911da9ca0996fed762e92c01f1bdeb2a767f9c2ae87f2cfd7518c189eab5574e299b97d
  languageName: node
  linkType: hard

"@rails/ujs@npm:^6.0.0":
  version: 6.1.3
  resolution: "@rails/ujs@npm:6.1.3"
  checksum: 62be570822307c411ffcfbec5c103048d4d60624cdab42b9f60fc5e79626d5975e220fda09ef52f584ee7ca1024ca22757602d1ee25658ec46dba0ea96b67f47
  languageName: node
  linkType: hard

"demo-app@workspace:.":
  version: 0.0.0-use.local
  resolution: "demo-app@workspace:."
  dependencies:
    "@rails/actioncable": ^6.0.0
    "@rails/activestorage": ^6.0.0
    "@rails/ujs": ^6.0.0
    turbolinks: ^5.2.0
  languageName: unknown
  linkType: soft

"spark-md5@npm:^3.0.0":
  version: 3.0.1
  resolution: "spark-md5@npm:3.0.1"
  checksum: 2785248ac7a9a75711c2fc1b1afe91fd28d062427501671c51c9c8abf4f26b66e36a9d5e97626cbde01950c2a20c646731954cc723b42c4a6de75c579bb6a215
  languageName: node
  linkType: hard

"turbolinks@npm:^5.2.0":
  version: 5.2.0
  resolution: "turbolinks@npm:5.2.0"
  checksum: d003a6fa2c0dc1b6e95edc3dc7dba292d1021e664be2b0b9e2d76117eaf8d874b7741635c3b4c57702781166d0bfffd60e69e27c02d51bf1cdc5a5e6c2021092
  languageName: node
  linkType: hard
